
Microsoft Visual Studio Solution File, Format Version 12.00
# Visual Studio Version 16
VisualStudioVersion = 16.0.30503.244
MinimumVisualStudioVersion = 10.0.40219.1
Project("{FAE04EC0-301F-11D3-BF4B-00C04F79EFBC}") = "Parakeet", "Parakeet.csproj", "{361A766E-C3D4-4808-BAAB-3D4AE73EC2A2}"
EndProject
Global
	GlobalSection(SolutionConfigurationPlatforms) = preSolution
		Debug|Any CPU = Debug|Any CPU
		Release|Any CPU = Release|Any CPU
	EndGlobalSection
	GlobalSection(ProjectConfigurationPlatforms) = postSolution
		{361A766E-C3D4-4808-BAAB-3D4AE73EC2A2}.Debug|Any CPU.ActiveCfg = Debug|Any CPU
		{361A766E-C3D4-4808-BAAB-3D4AE73EC2A2}.Debug|Any CPU.Build.0 = Debug|Any CPU
		{361A766E-C3D4-4808-BAAB-3D4AE73EC2A2}.Release|Any CPU.ActiveCfg = Release|Any CPU
		{361A766E-C3D4-4808-BAAB-3D4AE73EC2A2}.Release|Any CPU.Build.0 = Release|Any CPU
	EndGlobalSection
	GlobalSection(SolutionProperties) = preSolution
		HideSolutionNode = FALSE
	EndGlobalSection
	GlobalSection(ExtensibilityGlobals) = postSolution
		SolutionGuid = {5F8DD8DD-7344-4186-9855-BE2E4B9A4236}
	EndGlobalSection
EndGlobal
